
Microsoft Visual Studio Solution File, Format Version 12.00
# Visual Studio Version 17
VisualStudioVersion = 17.0.31903.59
MinimumVisualStudioVersion = 10.0.40219.1
Project("{FAE04EC0-301F-11D3-BF4B-00C04F79EFBC}") = "ce100-hw3-algo-lib-cs", "ce100-hw3-algo-lib-cs\ce100-hw3-algo-lib-cs.csproj", "{ABFE2C16-85C2-47BA-9DA9-6E8F4327090F}"
EndProject
Project("{FAE04EC0-301F-11D3-BF4B-00C04F79EFBC}") = "ce100-hw3-algo-test-cs", "ce100-hw3-algo-test-cs\ce100-hw3-algo-test-cs.csproj", "{E16D9FBD-ACA6-4034-B3B6-CD21610E673A}"
EndProject
Global
	GlobalSection(SolutionConfigurationPlatforms) = preSolution
		Debug|Any CPU = Debug|Any CPU
		Release|Any CPU = Release|Any CPU
	EndGlobalSection
	GlobalSection(SolutionProperties) = preSolution
		HideSolutionNode = FALSE
	EndGlobalSection
	GlobalSection(ProjectConfigurationPlatforms) = postSolution
		{ABFE2C16-85C2-47BA-9DA9-6E8F4327090F}.Debug|Any CPU.ActiveCfg = Debug|Any CPU
		{ABFE2C16-85C2-47BA-9DA9-6E8F4327090F}.Debug|Any CPU.Build.0 = Debug|Any CPU
		{ABFE2C16-85C2-47BA-9DA9-6E8F4327090F}.Release|Any CPU.ActiveCfg = Release|Any CPU
		{ABFE2C16-85C2-47BA-9DA9-6E8F4327090F}.Release|Any CPU.Build.0 = Release|Any CPU
		{E16D9FBD-ACA6-4034-B3B6-CD21610E673A}.Debug|Any CPU.ActiveCfg = Debug|Any CPU
		{E16D9FBD-ACA6-4034-B3B6-CD21610E673A}.Debug|Any CPU.Build.0 = Debug|Any CPU
		{E16D9FBD-ACA6-4034-B3B6-CD21610E673A}.Release|Any CPU.ActiveCfg = Release|Any CPU
		{E16D9FBD-ACA6-4034-B3B6-CD21610E673A}.Release|Any CPU.Build.0 = Release|Any CPU
	EndGlobalSection
EndGlobal
